
Microsoft Visual Studio Solution File, Format Version 12.00
# Visual Studio 15
VisualStudioVersion = 15.0.28307.421
MinimumVisualStudioVersion = 10.0.40219.1
Project("{FAE04EC0-301F-11D3-BF4B-00C04F79EFBC}") = "VotingSystem", "VotingSystem\VotingSystem.csproj", "{D9BA1BE2-B004-4895-874C-0392118EE671}"
EndProject
Global
	GlobalSection(SolutionConfigurationPlatforms) = preSolution
		Debug|Any CPU = Debug|Any CPU
		Release|Any CPU = Release|Any CPU
	EndGlobalSection
	GlobalSection(ProjectConfigurationPlatforms) = postSolution
		{D9BA1BE2-B004-4895-874C-0392118EE671}.Debug|Any CPU.ActiveCfg = Debug|Any CPU
		{D9BA1BE2-B004-4895-874C-0392118EE671}.Debug|Any CPU.Build.0 = Debug|Any CPU
		{D9BA1BE2-B004-4895-874C-0392118EE671}.Release|Any CPU.ActiveCfg = Release|Any CPU
		{D9BA1BE2-B004-4895-874C-0392118EE671}.Release|Any CPU.Build.0 = Release|Any CPU
	EndGlobalSection
	GlobalSection(SolutionProperties) = preSolution
		HideSolutionNode = FALSE
	EndGlobalSection
	GlobalSection(ExtensibilityGlobals) = postSolution
		SolutionGuid = {606B4849-4C34-41A8-AD9B-885281C68421}
	EndGlobalSection
EndGlobal
